
Microsoft Visual Studio Solution File, Format Version 12.00
Project("{FAE04EC0-301F-11D3-BF4B-00C04F79EFBC}") = "SubstitutionEncryption", "SubstitutionEncryption\SubstitutionEncryption.csproj", "{E1666A4E-6542-4230-8E84-AC35239920C2}"
EndProject
Project("{FAE04EC0-301F-11D3-BF4B-00C04F79EFBC}") = "CryptoRandomVSRandom", "CryptoRandomVSRandom\CryptoRandomVSRandom.csproj", "{1C8ED91D-6CA9-4C6D-BC69-DBB9005F0E43}"
EndProject
Project("{FAE04EC0-301F-11D3-BF4B-00C04F79EFBC}") = "Hashing", "Hashing\Hashing.csproj", "{5C377854-9463-41DF-A22D-3B3073288C7D}"
EndProject
Project("{FAE04EC0-301F-11D3-BF4B-00C04F79EFBC}") = "LoginSystem", "LoginSystem\LoginSystem.csproj", "{FD8D86D4-6FDF-40AC-9FA3-5796278DF906}"
EndProject
Project("{FAE04EC0-301F-11D3-BF4B-00C04F79EFBC}") = "SymmetricEncryption", "SymmetricEncryption\SymmetricEncryption.csproj", "{CD471901-9E80-4496-864A-C8FD5A9E4B72}"
EndProject
Project("{FAE04EC0-301F-11D3-BF4B-00C04F79EFBC}") = "RSAReceiver", "RSAReceiver\RSAReceiver.csproj", "{3189D2A9-C1FC-4698-A258-6D6B743CBB4B}"
EndProject
Global
	GlobalSection(SolutionConfigurationPlatforms) = preSolution
		Debug|Any CPU = Debug|Any CPU
		Release|Any CPU = Release|Any CPU
	EndGlobalSection
	GlobalSection(ProjectConfigurationPlatforms) = postSolution
		{E1666A4E-6542-4230-8E84-AC35239920C2}.Debug|Any CPU.ActiveCfg = Debug|Any CPU
		{E1666A4E-6542-4230-8E84-AC35239920C2}.Debug|Any CPU.Build.0 = Debug|Any CPU
		{E1666A4E-6542-4230-8E84-AC35239920C2}.Release|Any CPU.ActiveCfg = Release|Any CPU
		{E1666A4E-6542-4230-8E84-AC35239920C2}.Release|Any CPU.Build.0 = Release|Any CPU
		{1C8ED91D-6CA9-4C6D-BC69-DBB9005F0E43}.Debug|Any CPU.ActiveCfg = Debug|Any CPU
		{1C8ED91D-6CA9-4C6D-BC69-DBB9005F0E43}.Debug|Any CPU.Build.0 = Debug|Any CPU
		{1C8ED91D-6CA9-4C6D-BC69-DBB9005F0E43}.Release|Any CPU.ActiveCfg = Release|Any CPU
		{1C8ED91D-6CA9-4C6D-BC69-DBB9005F0E43}.Release|Any CPU.Build.0 = Release|Any CPU
		{5C377854-9463-41DF-A22D-3B3073288C7D}.Debug|Any CPU.ActiveCfg = Debug|Any CPU
		{5C377854-9463-41DF-A22D-3B3073288C7D}.Debug|Any CPU.Build.0 = Debug|Any CPU
		{5C377854-9463-41DF-A22D-3B3073288C7D}.Release|Any CPU.ActiveCfg = Release|Any CPU
		{5C377854-9463-41DF-A22D-3B3073288C7D}.Release|Any CPU.Build.0 = Release|Any CPU
		{FD8D86D4-6FDF-40AC-9FA3-5796278DF906}.Debug|Any CPU.ActiveCfg = Debug|Any CPU
		{FD8D86D4-6FDF-40AC-9FA3-5796278DF906}.Debug|Any CPU.Build.0 = Debug|Any CPU
		{FD8D86D4-6FDF-40AC-9FA3-5796278DF906}.Release|Any CPU.ActiveCfg = Release|Any CPU
		{FD8D86D4-6FDF-40AC-9FA3-5796278DF906}.Release|Any CPU.Build.0 = Release|Any CPU
		{CD471901-9E80-4496-864A-C8FD5A9E4B72}.Debug|Any CPU.ActiveCfg = Debug|Any CPU
		{CD471901-9E80-4496-864A-C8FD5A9E4B72}.Debug|Any CPU.Build.0 = Debug|Any CPU
		{CD471901-9E80-4496-864A-C8FD5A9E4B72}.Release|Any CPU.ActiveCfg = Release|Any CPU
		{CD471901-9E80-4496-864A-C8FD5A9E4B72}.Release|Any CPU.Build.0 = Release|Any CPU
		{3189D2A9-C1FC-4698-A258-6D6B743CBB4B}.Debug|Any CPU.ActiveCfg = Debug|Any CPU
		{3189D2A9-C1FC-4698-A258-6D6B743CBB4B}.Debug|Any CPU.Build.0 = Debug|Any CPU
		{3189D2A9-C1FC-4698-A258-6D6B743CBB4B}.Release|Any CPU.ActiveCfg = Release|Any CPU
		{3189D2A9-C1FC-4698-A258-6D6B743CBB4B}.Release|Any CPU.Build.0 = Release|Any CPU
	EndGlobalSection
EndGlobal
